// !$*UTF8*$!
{
	archiveVersion = 1;
	classes = {
	};
	objectVersion = 46;
	objects = {

/* Begin PBXBuildFile section */
		8428763A1A9C2F6400EAAA7F /* unselect.png in Resources */ = {isa = PBXBuildFile; fileRef = 842876391A9C2F6400EAAA7F /* unselect.png */; };
		8428763C1A9C2F6E00EAAA7F /* select.png in Resources */ = {isa = PBXBuildFile; fileRef = 8428763B1A9C2F6E00EAAA7F /* select.png */; };
		8428763E1A9C375F00EAAA7F /* menu_button.png in Resources */ = {isa = PBXBuildFile; fileRef = 8428763D1A9C375F00EAAA7F /* menu_button.png */; };
		842876401A9C44EA00EAAA7F /* sidemenu.png in Resources */ = {isa = PBXBuildFile; fileRef = 8428763F1A9C44EA00EAAA7F /* sidemenu.png */; };
		842876431A9C858000EAAA7F /* tackviewcell.m in Sources */ = {isa = PBXBuildFile; fileRef = 842876421A9C858000EAAA7F /* tackviewcell.m */; };
		842876451A9C927100EAAA7F /* cancel.png in Resources */ = {isa = PBXBuildFile; fileRef = 842876441A9C927100EAAA7F /* cancel.png */; };
		84383D5C1A9AE6F60021B822 /* main.m in Sources */ = {isa = PBXBuildFile; fileRef = 84383D5B1A9AE6F60021B822 /* main.m */; };
		84383D5F1A9AE6F60021B822 /* AppDelegate.m in Sources */ = {isa = PBXBuildFile; fileRef = 84383D5E1A9AE6F60021B822 /* AppDelegate.m */; };
		84383D621A9AE6F60021B822 /* ViewController.m in Sources */ = {isa = PBXBuildFile; fileRef = 84383D611A9AE6F60021B822 /* ViewController.m */; };
		84383D651A9AE6F60021B822 /* Main.storyboard in Resources */ = {isa = PBXBuildFile; fileRef = 84383D631A9AE6F60021B822 /* Main.storyboard */; };
		84383D671A9AE6F60021B822 /* Images.xcassets in Resources */ = {isa = PBXBuildFile; fileRef = 84383D661A9AE6F60021B822 /* Images.xcassets */; };
		84383D6A1A9AE6F60021B822 /* LaunchScreen.xib in Resources */ = {isa = PBXBuildFile; fileRef = 84383D681A9AE6F60021B822 /* LaunchScreen.xib */; };
		84383D761A9AE6F70021B822 /* EventTests.m in Sources */ = {isa = PBXBuildFile; fileRef = 84383D751A9AE6F70021B822 /* EventTests.m */; };
		84383D881A9AF3560021B822 /* image2.jpg in Resources */ = {isa = PBXBuildFile; fileRef = 84383D801A9AF3560021B822 /* image2.jpg */; };
		84383D891A9AF3560021B822 /* image3.jpg in Resources */ = {isa = PBXBuildFile; fileRef = 84383D811A9AF3560021B822 /* image3.jpg */; };
		84383D8A1A9AF3560021B822 /* image4.jpg in Resources */ = {isa = PBXBuildFile; fileRef = 84383D821A9AF3560021B822 /* image4.jpg */; };
		84383D8B1A9AF3560021B822 /* image6.jpg in Resources */ = {isa = PBXBuildFile; fileRef = 84383D831A9AF3560021B822 /* image6.jpg */; };
		84383D8C1A9AF3560021B822 /* image7.jpg in Resources */ = {isa = PBXBuildFile; fileRef = 84383D841A9AF3560021B822 /* image7.jpg */; };
		84383D8D1A9AF3560021B822 /* image8.jpg in Resources */ = {isa = PBXBuildFile; fileRef = 84383D851A9AF3560021B822 /* image8.jpg */; };
		84383D8E1A9AF3560021B822 /* image9.jpg in Resources */ = {isa = PBXBuildFile; fileRef = 84383D861A9AF3560021B822 /* image9.jpg */; };
		84383D8F1A9AF3560021B822 /* image10.jpg in Resources */ = {isa = PBXBuildFile; fileRef = 84383D871A9AF3560021B822 /* image10.jpg */; };
		84383D911A9AF3740021B822 /* image5.jpg in Resources */ = {isa = PBXBuildFile; fileRef = 84383D901A9AF3740021B822 /* image5.jpg */; };
		84383D931A9AF3880021B822 /* image1.jpg in Resources */ = {isa = PBXBuildFile; fileRef = 84383D921A9AF3880021B822 /* image1.jpg */; };
		84383D951A9AF60C0021B822 /* submit.png in Resources */ = {isa = PBXBuildFile; fileRef = 84383D941A9AF60C0021B822 /* submit.png */; };
		84383D9B1A9AF8E80021B822 /* listview.m in Sources */ = {isa = PBXBuildFile; fileRef = 84383D9A1A9AF8E80021B822 /* listview.m */; };
		84383D9E1A9B05E30021B822 /* listviewcell.m in Sources */ = {isa = PBXBuildFile; fileRef = 84383D9D1A9B05E30021B822 /* listviewcell.m */; };
		84383DA11A9B20470021B822 /* Gridview.m in Sources */ = {isa = PBXBuildFile; fileRef = 84383DA01A9B20470021B822 /* Gridview.m */; };
		84383DA41A9B20630021B822 /* gridviewcell.m in Sources */ = {isa = PBXBuildFile; fileRef = 84383DA31A9B20630021B822 /* gridviewcell.m */; };
		84383DA81A9B30540021B822 /* detailviewlist.m in Sources */ = {isa = PBXBuildFile; fileRef = 84383DA71A9B30540021B822 /* detailviewlist.m */; };
		84383DAA1A9B50300021B822 /* libsqlite3.dylib in Frameworks */ = {isa = PBXBuildFile; fileRef = 84383DA91A9B50300021B822 /* libsqlite3.dylib */; };
		844C6F421A9DAA78006D235F /* back.png in Resources */ = {isa = PBXBuildFile; fileRef = 844C6F411A9DAA78006D235F /* back.png */; };
		844C6F441A9DAB74006D235F /* view.png in Resources */ = {isa = PBXBuildFile; fileRef = 844C6F431A9DAB74006D235F /* view.png */; };
/* End PBXBuildFile section */

/* Begin PBXContainerItemProxy section */
		84383D701A9AE6F70021B822 /* PBXContainerItemProxy */ = {
			isa = PBXContainerItemProxy;
			containerPortal = 84383D4E1A9AE6F60021B822 /* Project object */;
			proxyType = 1;
			remoteGlobalIDString = 84383D551A9AE6F60021B822;
			remoteInfo = Event;
		};
/* End PBXContainerItemProxy section */

/* Begin PBXFileReference section */
		842876391A9C2F6400EAAA7F /* unselect.png */ = {isa = PBXFileReference; lastKnownFileType = image.png; path = unselect.png; sourceTree = "<group>"; };
		8428763B1A9C2F6E00EAAA7F /* select.png */ = {isa = PBXFileReference; lastKnownFileType = image.png; path = select.png; sourceTree = "<group>"; };
		8428763D1A9C375F00EAAA7F /* menu_button.png */ = {isa = PBXFileReference; lastKnownFileType = image.png; path = menu_button.png; sourceTree = "<group>"; };
		8428763F1A9C44EA00EAAA7F /* sidemenu.png */ = {isa = PBXFileReference; lastKnownFileType = image.png; path = sidemenu.png; sourceTree = "<group>"; };
		842876411A9C858000EAAA7F /* tackviewcell.h */ = {isa = PBXFileReference; fileEncoding = 4; lastKnownFileType = sourcecode.c.h; path = tackviewcell.h; sourceTree = "<group>"; };
		842876421A9C858000EAAA7F /* tackviewcell.m */ = {isa = PBXFileReference; fileEncoding = 4; lastKnownFileType = sourcecode.c.objc; path = tackviewcell.m; sourceTree = "<group>"; };
		842876441A9C927100EAAA7F /* cancel.png */ = {isa = PBXFileReference; lastKnownFileType = image.png; path = cancel.png; sourceTree = "<group>"; };
		84383D561A9AE6F60021B822 /* Event.app */ = {isa = PBXFileReference; explicitFileType = wrapper.application; includeInIndex = 0; path = Event.app; sourceTree = BUILT_PRODUCTS_DIR; };
		84383D5A1A9AE6F60021B822 /* Info.plist */ = {isa = PBXFileReference; lastKnownFileType = text.plist.xml; path = Info.plist; sourceTree = "<group>"; };
		84383D5B1A9AE6F60021B822 /* main.m */ = {isa = PBXFileReference; lastKnownFileType = sourcecode.c.objc; path = main.m; sourceTree = "<group>"; };
		84383D5D1A9AE6F60021B822 /* AppDelegate.h */ = {isa = PBXFileReference; lastKnownFileType = sourcecode.c.h; path = AppDelegate.h; sourceTree = "<group>"; };
		84383D5E1A9AE6F60021B822 /* AppDelegate.m */ = {isa = PBXFileReference; lastKnownFileType = sourcecode.c.objc; path = AppDelegate.m; sourceTree = "<group>"; };
		84383D601A9AE6F60021B822 /* ViewController.h */ = {isa = PBXFileReference; lastKnownFileType = sourcecode.c.h; path = ViewController.h; sourceTree = "<group>"; };
		84383D611A9AE6F60021B822 /* ViewController.m */ = {isa = PBXFileReference; lastKnownFileType = sourcecode.c.objc; path = ViewController.m; sourceTree = "<group>"; };
		84383D641A9AE6F60021B822 /* Base */ = {isa = PBXFileReference; lastKnownFileType = file.storyboard; name = Base; path = Base.lproj/Main.storyboard; sourceTree = "<group>"; };
		84383D661A9AE6F60021B822 /* Images.xcassets */ = {isa = PBXFileReference; lastKnownFileType = folder.assetcatalog; path = Images.xcassets; sourceTree = "<group>"; };
		84383D691A9AE6F60021B822 /* Base */ = {isa = PBXFileReference; lastKnownFileType = file.xib; name = Base; path = Base.lproj/LaunchScreen.xib; sourceTree = "<group>"; };
		84383D6F1A9AE6F70021B822 /* EventTests.xctest */ = {isa = PBXFileReference; explicitFileType = wrapper.cfbundle; includeInIndex = 0; path = EventTests.xctest; sourceTree = BUILT_PRODUCTS_DIR; };
		84383D741A9AE6F70021B822 /* Info.plist */ = {isa = PBXFileReference; lastKnownFileType = text.plist.xml; path = Info.plist; sourceTree = "<group>"; };
		84383D751A9AE6F70021B822 /* EventTests.m */ = {isa = PBXFileReference; lastKnownFileType = sourcecode.c.objc; path = EventTests.m; sourceTree = "<group>"; };
		84383D801A9AF3560021B822 /* image2.jpg */ = {isa = PBXFileReference; lastKnownFileType = image.jpeg; path = image2.jpg; sourceTree = "<group>"; };
		84383D811A9AF3560021B822 /* image3.jpg */ = {isa = PBXFileReference; lastKnownFileType = image.jpeg; path = image3.jpg; sourceTree = "<group>"; };
		84383D821A9AF3560021B822 /* image4.jpg */ = {isa = PBXFileReference; lastKnownFileType = image.jpeg; path = image4.jpg; sourceTree = "<group>"; };
		84383D831A9AF3560021B822 /* image6.jpg */ = {isa = PBXFileReference; lastKnownFileType = image.jpeg; path = image6.jpg; sourceTree = "<group>"; };
		84383D841A9AF3560021B822 /* image7.jpg */ = {isa = PBXFileReference; lastKnownFileType = image.jpeg; path = image7.jpg; sourceTree = "<group>"; };
		84383D851A9AF3560021B822 /* image8.jpg */ = {isa = PBXFileReference; lastKnownFileType = image.jpeg; path = image8.jpg; sourceTree = "<group>"; };
		84383D861A9AF3560021B822 /* image9.jpg */ = {isa = PBXFileReference; lastKnownFileType = image.jpeg; path = image9.jpg; sourceTree = "<group>"; };
		84383D871A9AF3560021B822 /* image10.jpg */ = {isa = PBXFileReference; lastKnownFileType = image.jpeg; path = image10.jpg; sourceTree = "<group>"; };
		84383D901A9AF3740021B822 /* image5.jpg */ = {isa = PBXFileReference; lastKnownFileType = image.jpeg; path = image5.jpg; sourceTree = "<group>"; };
		84383D921A9AF3880021B822 /* image1.jpg */ = {isa = PBXFileReference; lastKnownFileType = image.jpeg; path = image1.jpg; sourceTree = "<group>"; };
		84383D941A9AF60C0021B822 /* submit.png */ = {isa = PBXFileReference; lastKnownFileType = image.png; path = submit.png; sourceTree = "<group>"; };
		84383D991A9AF8E80021B822 /* listview.h */ = {isa = PBXFileReference; fileEncoding = 4; lastKnownFileType = sourcecode.c.h; path = listview.h; sourceTree = "<group>"; };
		84383D9A1A9AF8E80021B822 /* listview.m */ = {isa = PBXFileReference; fileEncoding = 4; lastKnownFileType = sourcecode.c.objc; path = listview.m; sourceTree = "<group>"; };
		84383D9C1A9B05E30021B822 /* listviewcell.h */ = {isa = PBXFileReference; fileEncoding = 4; lastKnownFileType = sourcecode.c.h; path = listviewcell.h; sourceTree = "<group>"; };
		84383D9D1A9B05E30021B822 /* listviewcell.m */ = {isa = PBXFileReference; fileEncoding = 4; lastKnownFileType = sourcecode.c.objc; path = listviewcell.m; sourceTree = "<group>"; };
		84383D9F1A9B20470021B822 /* Gridview.h */ = {isa = PBXFileReference; fileEncoding = 4; lastKnownFileType = sourcecode.c.h; path = Gridview.h; sourceTree = "<group>"; };
		84383DA01A9B20470021B822 /* Gridview.m */ = {isa = PBXFileReference; fileEncoding = 4; lastKnownFileType = sourcecode.c.objc; path = Gridview.m; sourceTree = "<group>"; };
		84383DA21A9B20630021B822 /* gridviewcell.h */ = {isa = PBXFileReference; fileEncoding = 4; lastKnownFileType = sourcecode.c.h; path = gridviewcell.h; sourceTree = "<group>"; };
		84383DA31A9B20630021B822 /* gridviewcell.m */ = {isa = PBXFileReference; fileEncoding = 4; lastKnownFileType = sourcecode.c.objc; path = gridviewcell.m; sourceTree = "<group>"; };
		84383DA61A9B30540021B822 /* detailviewlist.h */ = {isa = PBXFileReference; fileEncoding = 4; lastKnownFileType = sourcecode.c.h; path = detailviewlist.h; sourceTree = "<group>"; };
		84383DA71A9B30540021B822 /* detailviewlist.m */ = {isa = PBXFileReference; fileEncoding = 4; lastKnownFileType = sourcecode.c.objc; path = detailviewlist.m; sourceTree = "<group>"; };
		84383DA91A9B50300021B822 /* libsqlite3.dylib */ = {isa = PBXFileReference; lastKnownFileType = "compiled.mach-o.dylib"; name = libsqlite3.dylib; path = usr/lib/libsqlite3.dylib; sourceTree = SDKROOT; };
		844C6F411A9DAA78006D235F /* back.png */ = {isa = PBXFileReference; lastKnownFileType = image.png; path = back.png; sourceTree = "<group>"; };
		844C6F431A9DAB74006D235F /* view.png */ = {isa = PBXFileReference; lastKnownFileType = image.png; path = view.png; sourceTree = "<group>"; };
/* End PBXFileReference section */

/* Begin PBXFrameworksBuildPhase section */
		84383D531A9AE6F60021B822 /* Frameworks */ = {
			isa = PBXFrameworksBuildPhase;
			buildActionMask = 2147483647;
			files = (
				84383DAA1A9B50300021B822 /* libsqlite3.dylib in Frameworks */,
			);
			runOnlyForDeploymentPostprocessing = 0;
		};
		84383D6C1A9AE6F70021B822 /* Frameworks */ = {
			isa = PBXFrameworksBuildPhase;
			buildActionMask = 2147483647;
			files = (
			);
			runOnlyForDeploymentPostprocessing = 0;
		};
/* End PBXFrameworksBuildPhase section */

/* Begin PBXGroup section */
		84383D4D1A9AE6F60021B822 = {
			isa = PBXGroup;
			children = (
				84383DA91A9B50300021B822 /* libsqlite3.dylib */,
				84383D581A9AE6F60021B822 /* Event */,
				84383D721A9AE6F70021B822 /* EventTests */,
				84383D571A9AE6F60021B822 /* Products */,
			);
			sourceTree = "<group>";
		};
		84383D571A9AE6F60021B822 /* Products */ = {
			isa = PBXGroup;
			children = (
				84383D561A9AE6F60021B822 /* Event.app */,
				84383D6F1A9AE6F70021B822 /* EventTests.xctest */,
			);
			name = Products;
			sourceTree = "<group>";
		};
		84383D581A9AE6F60021B822 /* Event */ = {
			isa = PBXGroup;
			children = (
				84383DA51A9B2EF20021B822 /* Detailviewlist */,
				84383D981A9AF8CD0021B822 /* Tackingclasses */,
				84383D971A9AF8C30021B822 /* Gridviewclasses */,
				84383D961A9AF8B00021B822 /* LIstviewclasses */,
				84383D7F1A9AF32C0021B822 /* images */,
				84383D5D1A9AE6F60021B822 /* AppDelegate.h */,
				84383D5E1A9AE6F60021B822 /* AppDelegate.m */,
				84383D631A9AE6F60021B822 /* Main.storyboard */,
				844C6F431A9DAB74006D235F /* view.png */,
				842876441A9C927100EAAA7F /* cancel.png */,
				84383D941A9AF60C0021B822 /* submit.png */,
				842876391A9C2F6400EAAA7F /* unselect.png */,
				8428763F1A9C44EA00EAAA7F /* sidemenu.png */,
				8428763D1A9C375F00EAAA7F /* menu_button.png */,
				844C6F411A9DAA78006D235F /* back.png */,
				84383D601A9AE6F60021B822 /* ViewController.h */,
				84383D611A9AE6F60021B822 /* ViewController.m */,
				8428763B1A9C2F6E00EAAA7F /* select.png */,
				84383D661A9AE6F60021B822 /* Images.xcassets */,
				84383D681A9AE6F60021B822 /* LaunchScreen.xib */,
				84383D591A9AE6F60021B822 /* Supporting Files */,
			);
			path = Event;
			sourceTree = "<group>";
		};
		84383D591A9AE6F60021B822 /* Supporting Files */ = {
			isa = PBXGroup;
			children = (
				84383D5A1A9AE6F60021B822 /* Info.plist */,
				84383D5B1A9AE6F60021B822 /* main.m */,
			);
			name = "Supporting Files";
			sourceTree = "<group>";
		};
		84383D721A9AE6F70021B822 /* EventTests */ = {
			isa = PBXGroup;
			children = (
				84383D751A9AE6F70021B822 /* EventTests.m */,
				84383D731A9AE6F70021B822 /* Supporting Files */,
			);
			path = EventTests;
			sourceTree = "<group>";
		};
		84383D731A9AE6F70021B822 /* Supporting Files */ = {
			isa = PBXGroup;
			children = (
				84383D741A9AE6F70021B822 /* Info.plist */,
			);
			name = "Supporting Files";
			sourceTree = "<group>";
		};
		84383D7F1A9AF32C0021B822 /* images */ = {
			isa = PBXGroup;
			children = (
				84383D921A9AF3880021B822 /* image1.jpg */,
				84383D801A9AF3560021B822 /* image2.jpg */,
				84383D811A9AF3560021B822 /* image3.jpg */,
				84383D821A9AF3560021B822 /* image4.jpg */,
				84383D901A9AF3740021B822 /* image5.jpg */,
				84383D831A9AF3560021B822 /* image6.jpg */,
				84383D841A9AF3560021B822 /* image7.jpg */,
				84383D851A9AF3560021B822 /* image8.jpg */,
				84383D861A9AF3560021B822 /* image9.jpg */,
				84383D871A9AF3560021B822 /* image10.jpg */,
			);
			name = images;
			sourceTree = "<group>";
		};
		84383D961A9AF8B00021B822 /* LIstviewclasses */ = {
			isa = PBXGroup;
			children = (
				84383D991A9AF8E80021B822 /* listview.h */,
				84383D9A1A9AF8E80021B822 /* listview.m */,
				84383D9C1A9B05E30021B822 /* listviewcell.h */,
				84383D9D1A9B05E30021B822 /* listviewcell.m */,
			);
			name = LIstviewclasses;
			sourceTree = "<group>";
		};
		84383D971A9AF8C30021B822 /* Gridviewclasses */ = {
			isa = PBXGroup;
			children = (
				84383D9F1A9B20470021B822 /* Gridview.h */,
				84383DA01A9B20470021B822 /* Gridview.m */,
				84383DA21A9B20630021B822 /* gridviewcell.h */,
				84383DA31A9B20630021B822 /* gridviewcell.m */,
			);
			name = Gridviewclasses;
			sourceTree = "<group>";
		};
		84383D981A9AF8CD0021B822 /* Tackingclasses */ = {
			isa = PBXGroup;
			children = (
				842876411A9C858000EAAA7F /* tackviewcell.h */,
				842876421A9C858000EAAA7F /* tackviewcell.m */,
			);
			name = Tackingclasses;
			sourceTree = "<group>";
		};
		84383DA51A9B2EF20021B822 /* Detailviewlist */ = {
			isa = PBXGroup;
			children = (
				84383DA61A9B30540021B822 /* detailviewlist.h */,
				84383DA71A9B30540021B822 /* detailviewlist.m */,
			);
			name = Detailviewlist;
			sourceTree = "<group>";
		};
/* End PBXGroup section */

/* Begin PBXNativeTarget section */
		84383D551A9AE6F60021B822 /* Event */ = {
			isa = PBXNativeTarget;
			buildConfigurationList = 84383D791A9AE6F70021B822 /* Build configuration list for PBXNativeTarget "Event" */;
			buildPhases = (
				84383D521A9AE6F60021B822 /* Sources */,
				84383D531A9AE6F60021B822 /* Frameworks */,
				84383D541A9AE6F60021B822 /* Resources */,
			);
			buildRules = (
			);
			dependencies = (
			);
			name = Event;
			productName = Event;
			productReference = 84383D561A9AE6F60021B822 /* Event.app */;
			productType = "com.apple.product-type.application";
		};
		84383D6E1A9AE6F70021B822 /* EventTests */ = {
			isa = PBXNativeTarget;
			buildConfigurationList = 84383D7C1A9AE6F70021B822 /* Build configuration list for PBXNativeTarget "EventTests" */;
			buildPhases = (
				84383D6B1A9AE6F70021B822 /* Sources */,
				84383D6C1A9AE6F70021B822 /* Frameworks */,
				84383D6D1A9AE6F70021B822 /* Resources */,
			);
			buildRules = (
			);
			dependencies = (
				84383D711A9AE6F70021B822 /* PBXTargetDependency */,
			);
			name = EventTests;
			productName = EventTests;
			productReference = 84383D6F1A9AE6F70021B822 /* EventTests.xctest */;
			productType = "com.apple.product-type.bundle.unit-test";
		};
/* End PBXNativeTarget section */

/* Begin PBXProject section */
		84383D4E1A9AE6F60021B822 /* Project object */ = {
			isa = PBXProject;
			attributes = {
				LastUpgradeCheck = 0610;
				TargetAttributes = {
					84383D551A9AE6F60021B822 = {
						CreatedOnToolsVersion = 6.1;
					};
					84383D6E1A9AE6F70021B822 = {
						CreatedOnToolsVersion = 6.1;
						TestTargetID = 84383D551A9AE6F60021B822;
					};
				};
			};
			buildConfigurationList = 84383D511A9AE6F60021B822 /* Build configuration list for PBXProject "Event" */;
			compatibilityVersion = "Xcode 3.2";
			developmentRegion = English;
			hasScannedForEncodings = 0;
			knownRegions = (
				en,
				Base,
			);
			mainGroup = 84383D4D1A9AE6F60021B822;
			productRefGroup = 84383D571A9AE6F60021B822 /* Products */;
			projectDirPath = "";
			projectRoot = "";
			targets = (
				84383D551A9AE6F60021B822 /* Event */,
				84383D6E1A9AE6F70021B822 /* EventTests */,
			);
		};
/* End PBXProject section */

/* Begin PBXResourcesBuildPhase section */
		84383D541A9AE6F60021B822 /* Resources */ = {
			isa = PBXResourcesBuildPhase;
			buildActionMask = 2147483647;
			files = (
				84383D951A9AF60C0021B822 /* submit.png in Resources */,
				84383D931A9AF3880021B822 /* image1.jpg in Resources */,
				84383D8B1A9AF3560021B822 /* image6.jpg in Resources */,
				842876401A9C44EA00EAAA7F /* sidemenu.png in Resources */,
				84383D8F1A9AF3560021B822 /* image10.jpg in Resources */,
				84383D891A9AF3560021B822 /* image3.jpg in Resources */,
				8428763E1A9C375F00EAAA7F /* menu_button.png in Resources */,
				844C6F441A9DAB74006D235F /* view.png in Resources */,
				8428763C1A9C2F6E00EAAA7F /* select.png in Resources */,
				84383D881A9AF3560021B822 /* image2.jpg in Resources */,
				844C6F421A9DAA78006D235F /* back.png in Resources */,
				84383D8C1A9AF3560021B822 /* image7.jpg in Resources */,
				84383D651A9AE6F60021B822 /* Main.storyboard in Resources */,
				842876451A9C927100EAAA7F /* cancel.png in Resources */,
				84383D6A1A9AE6F60021B822 /* LaunchScreen.xib in Resources */,
				84383D671A9AE6F60021B822 /* Images.xcassets in Resources */,
				84383D911A9AF3740021B822 /* image5.jpg in Resources */,
				84383D8D1A9AF3560021B822 /* image8.jpg in Resources */,
				84383D8A1A9AF3560021B822 /* image4.jpg in Resources */,
				84383D8E1A9AF3560021B822 /* image9.jpg in Resources */,
				8428763A1A9C2F6400EAAA7F /* unselect.png in Resources */,
			);
			runOnlyForDeploymentPostprocessing = 0;
		};
		84383D6D1A9AE6F70021B822 /* Resources */ = {
			isa = PBXResourcesBuildPhase;
			buildActionMask = 2147483647;
			files = (
			);
			runOnlyForDeploymentPostprocessing = 0;
		};
/* End PBXResourcesBuildPhase section */

/* Begin PBXSourcesBuildPhase section */
		84383D521A9AE6F60021B822 /* Sources */ = {
			isa = PBXSourcesBuildPhase;
			buildActionMask = 2147483647;
			files = (
				84383DA11A9B20470021B822 /* Gridview.m in Sources */,
				84383D9E1A9B05E30021B822 /* listviewcell.m in Sources */,
				84383D9B1A9AF8E80021B822 /* listview.m in Sources */,
				84383D621A9AE6F60021B822 /* ViewController.m in Sources */,
				84383D5F1A9AE6F60021B822 /* AppDelegate.m in Sources */,
				84383DA81A9B30540021B822 /* detailviewlist.m in Sources */,
				84383DA41A9B20630021B822 /* gridviewcell.m in Sources */,
				84383D5C1A9AE6F60021B822 /* main.m in Sources */,
				842876431A9C858000EAAA7F /* tackviewcell.m in Sources */,
			);
			runOnlyForDeploymentPostprocessing = 0;
		};
		84383D6B1A9AE6F70021B822 /* Sources */ = {
			isa = PBXSourcesBuildPhase;
			buildActionMask = 2147483647;
			files = (
				84383D761A9AE6F70021B822 /* EventTests.m in Sources */,
			);
			runOnlyForDeploymentPostprocessing = 0;
		};
/* End PBXSourcesBuildPhase section */

/* Begin PBXTargetDependency section */
		84383D711A9AE6F70021B822 /* PBXTargetDependency */ = {
			isa = PBXTargetDependency;
			target = 84383D551A9AE6F60021B822 /* Event */;
			targetProxy = 84383D701A9AE6F70021B822 /* PBXContainerItemProxy */;
		};
/* End PBXTargetDependency section */

/* Begin PBXVariantGroup section */
		84383D631A9AE6F60021B822 /* Main.storyboard */ = {
			isa = PBXVariantGroup;
			children = (
				84383D641A9AE6F60021B822 /* Base */,
			);
			name = Main.storyboard;
			sourceTree = "<group>";
		};
		84383D681A9AE6F60021B822 /* LaunchScreen.xib */ = {
			isa = PBXVariantGroup;
			children = (
				84383D691A9AE6F60021B822 /* Base */,
			);
			name = LaunchScreen.xib;
			sourceTree = "<group>";
		};
/* End PBXVariantGroup section */

/* Begin XCBuildConfiguration section */
		84383D771A9AE6F70021B822 /* Debug */ = {
			isa = XCBuildConfiguration;
			buildSettings = {
				ALWAYS_SEARCH_USER_PATHS = NO;
				CLANG_CXX_LANGUAGE_STANDARD = "gnu++0x";
				CLANG_CXX_LIBRARY = "libc++";
				CLANG_ENABLE_MODULES = YES;
				CLANG_ENABLE_OBJC_ARC = YES;
				CLANG_WARN_BOOL_CONVERSION = YES;
				CLANG_WARN_CONSTANT_CONVERSION = YES;
				CLANG_WARN_DIRECT_OBJC_ISA_USAGE = YES_ERROR;
				CLANG_WARN_EMPTY_BODY = YES;
				CLANG_WARN_ENUM_CONVERSION = YES;
				CLANG_WARN_INT_CONVERSION = YES;
				CLANG_WARN_OBJC_ROOT_CLASS = YES_ERROR;
				CLANG_WARN_UNREACHABLE_CODE = YES;
				CLANG_WARN__DUPLICATE_METHOD_MATCH = YES;
				"CODE_SIGN_IDENTITY[sdk=iphoneos*]" = "iPhone Developer";
				COPY_PHASE_STRIP = NO;
				ENABLE_STRICT_OBJC_MSGSEND = YES;
				GCC_C_LANGUAGE_STANDARD = gnu99;
				GCC_DYNAMIC_NO_PIC = NO;
				GCC_OPTIMIZATION_LEVEL = 0;
				GCC_PREPROCESSOR_DEFINITIONS = (
					"DEBUG=1",
					"$(inherited)",
				);
				GCC_SYMBOLS_PRIVATE_EXTERN = NO;
				GCC_WARN_64_TO_32_BIT_CONVERSION = YES;
				GCC_WARN_ABOUT_RETURN_TYPE = YES_ERROR;
				GCC_WARN_UNDECLARED_SELECTOR = YES;
				GCC_WARN_UNINITIALIZED_AUTOS = YES_AGGRESSIVE;
				GCC_WARN_UNUSED_FUNCTION = YES;
				GCC_WARN_UNUSED_VARIABLE = YES;
				IPHONEOS_DEPLOYMENT_TARGET = 8.1;
				MTL_ENABLE_DEBUG_INFO = YES;
				ONLY_ACTIVE_ARCH = YES;
				SDKROOT = iphoneos;
				TARGETED_DEVICE_FAMILY = 2;
			};
			name = Debug;
		};
		84383D781A9AE6F70021B822 /* Release */ = {
			isa = XCBuildConfiguration;
			buildSettings = {
				ALWAYS_SEARCH_USER_PATHS = NO;
				CLANG_CXX_LANGUAGE_STANDARD = "gnu++0x";
				CLANG_CXX_LIBRARY = "libc++";
				CLANG_ENABLE_MODULES = YES;
				CLANG_ENABLE_OBJC_ARC = YES;
				CLANG_WARN_BOOL_CONVERSION = YES;
				CLANG_WARN_CONSTANT_CONVERSION = YES;
				CLANG_WARN_DIRECT_OBJC_ISA_USAGE = YES_ERROR;
				CLANG_WARN_EMPTY_BODY = YES;
				CLANG_WARN_ENUM_CONVERSION = YES;
				CLANG_WARN_INT_CONVERSION = YES;
				CLANG_WARN_OBJC_ROOT_CLASS = YES_ERROR;
				CLANG_WARN_UNREACHABLE_CODE = YES;
				CLANG_WARN__DUPLICATE_METHOD_MATCH = YES;
				"CODE_SIGN_IDENTITY[sdk=iphoneos*]" = "iPhone Developer";
				COPY_PHASE_STRIP = YES;
				ENABLE_NS_ASSERTIONS = NO;
				ENABLE_STRICT_OBJC_MSGSEND = YES;
				GCC_C_LANGUAGE_STANDARD = gnu99;
				GCC_WARN_64_TO_32_BIT_CONVERSION = YES;
				GCC_WARN_ABOUT_RETURN_TYPE = YES_ERROR;
				GCC_WARN_UNDECLARED_SELECTOR = YES;
				GCC_WARN_UNINITIALIZED_AUTOS = YES_AGGRESSIVE;
				GCC_WARN_UNUSED_FUNCTION = YES;
				GCC_WARN_UNUSED_VARIABLE = YES;
				IPHONEOS_DEPLOYMENT_TARGET = 8.1;
				MTL_ENABLE_DEBUG_INFO = NO;
				SDKROOT = iphoneos;
				TARGETED_DEVICE_FAMILY = 2;
				VALIDATE_PRODUCT = YES;
			};
			name = Release;
		};
		84383D7A1A9AE6F70021B822 /* Debug */ = {
			isa = XCBuildConfiguration;
			buildSettings = {
				ASSETCATALOG_COMPILER_APPICON_NAME = AppIcon;
				INFOPLIST_FILE = Event/Info.plist;
				IPHONEOS_DEPLOYMENT_TARGET = 7.0;
				LD_RUNPATH_SEARCH_PATHS = "$(inherited) @executable_path/Frameworks";
				PRODUCT_NAME = "$(TARGET_NAME)";
			};
			name = Debug;
		};
		84383D7B1A9AE6F70021B822 /* Release */ = {
			isa = XCBuildConfiguration;
			buildSettings = {
				ASSETCATALOG_COMPILER_APPICON_NAME = AppIcon;
				INFOPLIST_FILE = Event/Info.plist;
				IPHONEOS_DEPLOYMENT_TARGET = 7.0;
				LD_RUNPATH_SEARCH_PATHS = "$(inherited) @executable_path/Frameworks";
				PRODUCT_NAME = "$(TARGET_NAME)";
			};
			name = Release;
		};
		84383D7D1A9AE6F70021B822 /* Debug */ = {
			isa = XCBuildConfiguration;
			buildSettings = {
				BUNDLE_LOADER = "$(TEST_HOST)";
				FRAMEWORK_SEARCH_PATHS = (
					"$(SDKROOT)/Developer/Library/Frameworks",
					"$(inherited)",
				);
				GCC_PREPROCESSOR_DEFINITIONS = (
					"DEBUG=1",
					"$(inherited)",
				);
				INFOPLIST_FILE = EventTests/Info.plist;
				LD_RUNPATH_SEARCH_PATHS = "$(inherited) @executable_path/Frameworks @loader_path/Frameworks";
				PRODUCT_NAME = "$(TARGET_NAME)";
				TEST_HOST = "$(BUILT_PRODUCTS_DIR)/Event.app/Event";
			};
			name = Debug;
		};
		84383D7E1A9AE6F70021B822 /* Release */ = {
			isa = XCBuildConfiguration;
			buildSettings = {
				BUNDLE_LOADER = "$(TEST_HOST)";
				FRAMEWORK_SEARCH_PATHS = (
					"$(SDKROOT)/Developer/Library/Frameworks",
					"$(inherited)",
				);
				INFOPLIST_FILE = EventTests/Info.plist;
				LD_RUNPATH_SEARCH_PATHS = "$(inherited) @executable_path/Frameworks @loader_path/Frameworks";
				PRODUCT_NAME = "$(TARGET_NAME)";
				TEST_HOST = "$(BUILT_PRODUCTS_DIR)/Event.app/Event";
			};
			name = Release;
		};
/* End XCBuildConfiguration section */

/* Begin XCConfigurationList section */
		84383D511A9AE6F60021B822 /* Build configuration list for PBXProject "Event" */ = {
			isa = XCConfigurationList;
			buildConfigurations = (
				84383D771A9AE6F70021B822 /* Debug */,
				84383D781A9AE6F70021B822 /* Release */,
			);
			defaultConfigurationIsVisible = 0;
			defaultConfigurationName = Release;
		};
		84383D791A9AE6F70021B822 /* Build configuration list for PBXNativeTarget "Event" */ = {
			isa = XCConfigurationList;
			buildConfigurations = (
				84383D7A1A9AE6F70021B822 /* Debug */,
				84383D7B1A9AE6F70021B822 /* Release */,
			);
			defaultConfigurationIsVisible = 0;
			defaultConfigurationName = Release;
		};
		84383D7C1A9AE6F70021B822 /* Build configuration list for PBXNativeTarget "EventTests" */ = {
			isa = XCConfigurationList;
			buildConfigurations = (
				84383D7D1A9AE6F70021B822 /* Debug */,
				84383D7E1A9AE6F70021B822 /* Release */,
			);
			defaultConfigurationIsVisible = 0;
			defaultConfigurationName = Release;
		};
/* End XCConfigurationList section */
	};
	rootObject = 84383D4E1A9AE6F60021B822 /* Project object */;
}
